
Microsoft Visual Studio Solution File, Format Version 12.00
# Visual Studio Version 16
VisualStudioVersion = 16.0.31729.503
MinimumVisualStudioVersion = 10.0.40219.1
Project("{FAE04EC0-301F-11D3-BF4B-00C04F79EFBC}") = "H03_Rechteck_Logik", "H03_Rechteck_Logik\H03_Rechteck_Logik.csproj", "{D77BA7B1-11A0-4B19-85F3-D627FBB036FB}"
EndProject
Project("{FAE04EC0-301F-11D3-BF4B-00C04F79EFBC}") = "H03_Rechteck_GUI", "H03_Rechteck_GUI\H03_Rechteck_GUI.csproj", "{40F20BA7-1E06-467C-97AD-4012FAAD01D5}"
EndProject
Global
	GlobalSection(SolutionConfigurationPlatforms) = preSolution
		Debug|Any CPU = Debug|Any CPU
		Release|Any CPU = Release|Any CPU
	EndGlobalSection
	GlobalSection(ProjectConfigurationPlatforms) = postSolution
		{D77BA7B1-11A0-4B19-85F3-D627FBB036FB}.Debug|Any CPU.ActiveCfg = Debug|Any CPU
		{D77BA7B1-11A0-4B19-85F3-D627FBB036FB}.Debug|Any CPU.Build.0 = Debug|Any CPU
		{D77BA7B1-11A0-4B19-85F3-D627FBB036FB}.Release|Any CPU.ActiveCfg = Release|Any CPU
		{D77BA7B1-11A0-4B19-85F3-D627FBB036FB}.Release|Any CPU.Build.0 = Release|Any CPU
		{40F20BA7-1E06-467C-97AD-4012FAAD01D5}.Debug|Any CPU.ActiveCfg = Debug|Any CPU
		{40F20BA7-1E06-467C-97AD-4012FAAD01D5}.Debug|Any CPU.Build.0 = Debug|Any CPU
		{40F20BA7-1E06-467C-97AD-4012FAAD01D5}.Release|Any CPU.ActiveCfg = Release|Any CPU
		{40F20BA7-1E06-467C-97AD-4012FAAD01D5}.Release|Any CPU.Build.0 = Release|Any CPU
	EndGlobalSection
	GlobalSection(SolutionProperties) = preSolution
		HideSolutionNode = FALSE
	EndGlobalSection
	GlobalSection(ExtensibilityGlobals) = postSolution
		SolutionGuid = {08B92627-38B0-41AC-BC97-4229D4A4B67A}
	EndGlobalSection
EndGlobal
