
Microsoft Visual Studio Solution File, Format Version 12.00
# Visual Studio Version 17
VisualStudioVersion = 17.0.32112.339
MinimumVisualStudioVersion = 10.0.40219.1
Project("{FAE04EC0-301F-11D3-BF4B-00C04F79EFBC}") = "Rechteck", "Rechteck.csproj", "{C3178AA9-1A49-4F16-ABCB-A9A8D44D4FED}"
EndProject
Project("{FAE04EC0-301F-11D3-BF4B-00C04F79EFBC}") = "Rechteck_GUI", "..\Rechteck_GUI\Rechteck_GUI.csproj", "{3C738F68-DE03-49C0-A787-9D84EC9B6FC8}"
EndProject
Global
	GlobalSection(SolutionConfigurationPlatforms) = preSolution
		Debug|Any CPU = Debug|Any CPU
		Release|Any CPU = Release|Any CPU
	EndGlobalSection
	GlobalSection(ProjectConfigurationPlatforms) = postSolution
		{C3178AA9-1A49-4F16-ABCB-A9A8D44D4FED}.Debug|Any CPU.ActiveCfg = Debug|Any CPU
		{C3178AA9-1A49-4F16-ABCB-A9A8D44D4FED}.Debug|Any CPU.Build.0 = Debug|Any CPU
		{C3178AA9-1A49-4F16-ABCB-A9A8D44D4FED}.Release|Any CPU.ActiveCfg = Release|Any CPU
		{C3178AA9-1A49-4F16-ABCB-A9A8D44D4FED}.Release|Any CPU.Build.0 = Release|Any CPU
		{3C738F68-DE03-49C0-A787-9D84EC9B6FC8}.Debug|Any CPU.ActiveCfg = Debug|Any CPU
		{3C738F68-DE03-49C0-A787-9D84EC9B6FC8}.Debug|Any CPU.Build.0 = Debug|Any CPU
		{3C738F68-DE03-49C0-A787-9D84EC9B6FC8}.Release|Any CPU.ActiveCfg = Release|Any CPU
		{3C738F68-DE03-49C0-A787-9D84EC9B6FC8}.Release|Any CPU.Build.0 = Release|Any CPU
	EndGlobalSection
	GlobalSection(SolutionProperties) = preSolution
		HideSolutionNode = FALSE
	EndGlobalSection
	GlobalSection(ExtensibilityGlobals) = postSolution
		SolutionGuid = {BBE32462-AF1D-4BE2-A4DC-EEF2F62A974F}
	EndGlobalSection
EndGlobal
